
Microsoft Visual Studio Solution File, Format Version 12.00
# Visual Studio Version 17
VisualStudioVersion = 17.1.31911.260
MinimumVisualStudioVersion = 10.0.40219.1
Project("{9A19103F-16F7-4668-BE54-9A1E7A4F7556}") = "FastEnumerationList", "FastEnumerationList\FastEnumerationList.csproj", "{6FA75D3D-5B50-4D4E-A284-74CD6739B34D}"
EndProject
Project("{9A19103F-16F7-4668-BE54-9A1E7A4F7556}") = "UnitTests", "UnitTests\UnitTests.csproj", "{6C4F550D-C6CF-4AB0-A1C4-6E559CDF890E}"
EndProject
Project("{2150E333-8FDC-42A3-9474-1A3956D46DE8}") = "Solution Items", "Solution Items", "{00861DD3-221B-4C3C-B251-56FEF43AA626}"
	ProjectSection(SolutionItems) = preProject
		.editorconfig = .editorconfig
	EndProjectSection
EndProject
Global
	GlobalSection(SolutionConfigurationPlatforms) = preSolution
		Debug|Any CPU = Debug|Any CPU
		Release|Any CPU = Release|Any CPU
	EndGlobalSection
	GlobalSection(ProjectConfigurationPlatforms) = postSolution
		{6FA75D3D-5B50-4D4E-A284-74CD6739B34D}.Debug|Any CPU.ActiveCfg = Debug|Any CPU
		{6FA75D3D-5B50-4D4E-A284-74CD6739B34D}.Debug|Any CPU.Build.0 = Debug|Any CPU
		{6FA75D3D-5B50-4D4E-A284-74CD6739B34D}.Release|Any CPU.ActiveCfg = Release|Any CPU
		{6FA75D3D-5B50-4D4E-A284-74CD6739B34D}.Release|Any CPU.Build.0 = Release|Any CPU
		{6C4F550D-C6CF-4AB0-A1C4-6E559CDF890E}.Debug|Any CPU.ActiveCfg = Debug|Any CPU
		{6C4F550D-C6CF-4AB0-A1C4-6E559CDF890E}.Debug|Any CPU.Build.0 = Debug|Any CPU
		{6C4F550D-C6CF-4AB0-A1C4-6E559CDF890E}.Release|Any CPU.ActiveCfg = Release|Any CPU
		{6C4F550D-C6CF-4AB0-A1C4-6E559CDF890E}.Release|Any CPU.Build.0 = Release|Any CPU
	EndGlobalSection
	GlobalSection(SolutionProperties) = preSolution
		HideSolutionNode = FALSE
	EndGlobalSection
	GlobalSection(ExtensibilityGlobals) = postSolution
		SolutionGuid = {FD30B897-9635-47EF-9D58-2ABABACF694C}
	EndGlobalSection
EndGlobal
